// !$*UTF8*$!
{
	archiveVersion = 1;
	classes = {
	};
	objectVersion = 46;
	objects = {

/* Begin PBXBuildFile section */
		13E5BF4142AC6B48E1B42D44 /* Pods_ViewControllers.framework in Frameworks */ = {isa = PBXBuildFile; fileRef = 9414B6C2D214AEBFA782EFCF /* Pods_ViewControllers.framework */; };
		170EDEFC1CB55844007128D0 /* AppDelegate.swift in Sources */ = {isa = PBXBuildFile; fileRef = 170EDEFB1CB55844007128D0 /* AppDelegate.swift */; };
		170EDEFE1CB55844007128D0 /* ViewController.swift in Sources */ = {isa = PBXBuildFile; fileRef = 170EDEFD1CB55844007128D0 /* ViewController.swift */; };
		170EDF011CB55844007128D0 /* Main.storyboard in Resources */ = {isa = PBXBuildFile; fileRef = 170EDEFF1CB55844007128D0 /* Main.storyboard */; };
		170EDF031CB55844007128D0 /* Assets.xcassets in Resources */ = {isa = PBXBuildFile; fileRef = 170EDF021CB55844007128D0 /* Assets.xcassets */; };
		170EDF061CB55844007128D0 /* LaunchScreen.storyboard in Resources */ = {isa = PBXBuildFile; fileRef = 170EDF041CB55844007128D0 /* LaunchScreen.storyboard */; };
		170EDF0E1CB5604E007128D0 /* AnotherViewController.swift in Sources */ = {isa = PBXBuildFile; fileRef = 170EDF0D1CB5604E007128D0 /* AnotherViewController.swift */; };
		170EDF101CB56B8C007128D0 /* ModalViewController.swift in Sources */ = {isa = PBXBuildFile; fileRef = 170EDF0F1CB56B8C007128D0 /* ModalViewController.swift */; };
/* End PBXBuildFile section */

/* Begin PBXFileReference section */
		170EDEF81CB55844007128D0 /* ViewControllers.app */ = {isa = PBXFileReference; explicitFileType = wrapper.application; includeInIndex = 0; path = ViewControllers.app; sourceTree = BUILT_PRODUCTS_DIR; };
		170EDEFB1CB55844007128D0 /* AppDelegate.swift */ = {isa = PBXFileReference; lastKnownFileType = sourcecode.swift; path = AppDelegate.swift; sourceTree = "<group>"; };
		170EDEFD1CB55844007128D0 /* ViewController.swift */ = {isa = PBXFileReference; lastKnownFileType = sourcecode.swift; path = ViewController.swift; sourceTree = "<group>"; };
		170EDF001CB55844007128D0 /* Base */ = {isa = PBXFileReference; lastKnownFileType = file.storyboard; name = Base; path = Base.lproj/Main.storyboard; sourceTree = "<group>"; };
		170EDF021CB55844007128D0 /* Assets.xcassets */ = {isa = PBXFileReference; lastKnownFileType = folder.assetcatalog; path = Assets.xcassets; sourceTree = "<group>"; };
		170EDF051CB55844007128D0 /* Base */ = {isa = PBXFileReference; lastKnownFileType = file.storyboard; name = Base; path = Base.lproj/LaunchScreen.storyboard; sourceTree = "<group>"; };
		170EDF071CB55844007128D0 /* Info.plist */ = {isa = PBXFileReference; lastKnownFileType = text.plist.xml; path = Info.plist; sourceTree = "<group>"; };
		170EDF0D1CB5604E007128D0 /* AnotherViewController.swift */ = {isa = PBXFileReference; fileEncoding = 4; lastKnownFileType = sourcecode.swift; path = AnotherViewController.swift; sourceTree = "<group>"; };
		170EDF0F1CB56B8C007128D0 /* ModalViewController.swift */ = {isa = PBXFileReference; fileEncoding = 4; lastKnownFileType = sourcecode.swift; path = ModalViewController.swift; sourceTree = "<group>"; };
		36FADD4CCB13C248D149DDD5 /* Pods-ViewControllers.release.xcconfig */ = {isa = PBXFileReference; includeInIndex = 1; lastKnownFileType = text.xcconfig; name = "Pods-ViewControllers.release.xcconfig"; path = "Pods/Target Support Files/Pods-ViewControllers/Pods-ViewControllers.release.xcconfig"; sourceTree = "<group>"; };
		5C195E99CDD6A20419C9DFB9 /* Pods-ViewControllers.debug.xcconfig */ = {isa = PBXFileReference; includeInIndex = 1; lastKnownFileType = text.xcconfig; name = "Pods-ViewControllers.debug.xcconfig"; path = "Pods/Target Support Files/Pods-ViewControllers/Pods-ViewControllers.debug.xcconfig"; sourceTree = "<group>"; };
		9414B6C2D214AEBFA782EFCF /* Pods_ViewControllers.framework */ = {isa = PBXFileReference; explicitFileType = wrapper.framework; includeInIndex = 0; path = Pods_ViewControllers.framework; sourceTree = BUILT_PRODUCTS_DIR; };
/* End PBXFileReference section */

/* Begin PBXFrameworksBuildPhase section */
		170EDEF51CB55844007128D0 /* Frameworks */ = {
			isa = PBXFrameworksBuildPhase;
			buildActionMask = 2147483647;
			files = (
				13E5BF4142AC6B48E1B42D44 /* Pods_ViewControllers.framework in Frameworks */,
			);
			runOnlyForDeploymentPostprocessing = 0;
		};
/* End PBXFrameworksBuildPhase section */

/* Begin PBXGroup section */
		170EDEEF1CB55844007128D0 = {
			isa = PBXGroup;
			children = (
				170EDEFA1CB55844007128D0 /* ViewControllers */,
				170EDEF91CB55844007128D0 /* Products */,
				1962B436FACEC1FE7DC5DCCC /* Pods */,
				CE2B70083DF206217D9CF85E /* Frameworks */,
			);
			sourceTree = "<group>";
		};
		170EDEF91CB55844007128D0 /* Products */ = {
			isa = PBXGroup;
			children = (
				170EDEF81CB55844007128D0 /* ViewControllers.app */,
			);
			name = Products;
			sourceTree = "<group>";
		};
		170EDEFA1CB55844007128D0 /* ViewControllers */ = {
			isa = PBXGroup;
			children = (
				170EDEFB1CB55844007128D0 /* AppDelegate.swift */,
				170EDEFD1CB55844007128D0 /* ViewController.swift */,
				170EDF0D1CB5604E007128D0 /* AnotherViewController.swift */,
				170EDF0F1CB56B8C007128D0 /* ModalViewController.swift */,
				170EDEFF1CB55844007128D0 /* Main.storyboard */,
				170EDF021CB55844007128D0 /* Assets.xcassets */,
				170EDF041CB55844007128D0 /* LaunchScreen.storyboard */,
				170EDF071CB55844007128D0 /* Info.plist */,
			);
			path = ViewControllers;
			sourceTree = "<group>";
		};
		1962B436FACEC1FE7DC5DCCC /* Pods */ = {
			isa = PBXGroup;
			children = (
				5C195E99CDD6A20419C9DFB9 /* Pods-ViewControllers.debug.xcconfig */,
				36FADD4CCB13C248D149DDD5 /* Pods-ViewControllers.release.xcconfig */,
			);
			name = Pods;
			sourceTree = "<group>";
		};
		CE2B70083DF206217D9CF85E /* Frameworks */ = {
			isa = PBXGroup;
			children = (
				9414B6C2D214AEBFA782EFCF /* Pods_ViewControllers.framework */,
			);
			name = Frameworks;
			sourceTree = "<group>";
		};
/* End PBXGroup section */

/* Begin PBXNativeTarget section */
		170EDEF71CB55844007128D0 /* ViewControllers */ = {
			isa = PBXNativeTarget;
			buildConfigurationList = 170EDF0A1CB55844007128D0 /* Build configuration list for PBXNativeTarget "ViewControllers" */;
			buildPhases = (
				211B98BADE5F7ADC13E0EEFE /* Check Pods Manifest.lock */,
				170EDEF41CB55844007128D0 /* Sources */,
				170EDEF51CB55844007128D0 /* Frameworks */,
				170EDEF61CB55844007128D0 /* Resources */,
				EB83E66783AAF43E9BCAB356 /* Embed Pods Frameworks */,
				8A9B185ABDCFE332179F3436 /* Copy Pods Resources */,
			);
			buildRules = (
			);
			dependencies = (
			);
			name = ViewControllers;
			productName = ViewControllers;
			productReference = 170EDEF81CB55844007128D0 /* ViewControllers.app */;
			productType = "com.apple.product-type.application";
		};
/* End PBXNativeTarget section */

/* Begin PBXProject section */
		170EDEF01CB55844007128D0 /* Project object */ = {
			isa = PBXProject;
			attributes = {
				LastSwiftUpdateCheck = 0730;
				LastUpgradeCheck = 0730;
				ORGANIZATIONNAME = Ackee;
				TargetAttributes = {
					170EDEF71CB55844007128D0 = {
						CreatedOnToolsVersion = 7.3;
					};
				};
			};
			buildConfigurationList = 170EDEF31CB55844007128D0 /* Build configuration list for PBXProject "ViewControllers" */;
			compatibilityVersion = "Xcode 3.2";
			developmentRegion = English;
			hasScannedForEncodings = 0;
			knownRegions = (
				en,
				Base,
			);
			mainGroup = 170EDEEF1CB55844007128D0;
			productRefGroup = 170EDEF91CB55844007128D0 /* Products */;
			projectDirPath = "";
			projectRoot = "";
			targets = (
				170EDEF71CB55844007128D0 /* ViewControllers */,
			);
		};
/* End PBXProject section */

/* Begin PBXResourcesBuildPhase section */
		170EDEF61CB55844007128D0 /* Resources */ = {
			isa = PBXResourcesBuildPhase;
			buildActionMask = 2147483647;
			files = (
				170EDF061CB55844007128D0 /* LaunchScreen.storyboard in Resources */,
				170EDF031CB55844007128D0 /* Assets.xcassets in Resources */,
				170EDF011CB55844007128D0 /* Main.storyboard in Resources */,
			);
			runOnlyForDeploymentPostprocessing = 0;
		};
/* End PBXResourcesBuildPhase section */

/* Begin PBXShellScriptBuildPhase section */
		211B98BADE5F7ADC13E0EEFE /* Check Pods Manifest.lock */ = {
			isa = PBXShellScriptBuildPhase;
			buildActionMask = 2147483647;
			files = (
			);
			inputPaths = (
			);
			name = "Check Pods Manifest.lock";
			outputPaths = (
			);
			runOnlyForDeploymentPostprocessing = 0;
			shellPath = /bin/sh;
			shellScript = "diff \"${PODS_ROOT}/../Podfile.lock\" \"${PODS_ROOT}/Manifest.lock\" > /dev/null\nif [[ $? != 0 ]] ; then\n    cat << EOM\nerror: The sandbox is not in sync with the Podfile.lock. Run 'pod install' or update your CocoaPods installation.\nEOM\n    exit 1\nfi\n";
			showEnvVarsInLog = 0;
		};
		8A9B185ABDCFE332179F3436 /* Copy Pods Resources */ = {
			isa = PBXShellScriptBuildPhase;
			buildActionMask = 2147483647;
			files = (
			);
			inputPaths = (
			);
			name = "Copy Pods Resources";
			outputPaths = (
			);
			runOnlyForDeploymentPostprocessing = 0;
			shellPath = /bin/sh;
			shellScript = "\"${SRCROOT}/Pods/Target Support Files/Pods-ViewControllers/Pods-ViewControllers-resources.sh\"\n";
			showEnvVarsInLog = 0;
		};
		EB83E66783AAF43E9BCAB356 /* Embed Pods Frameworks */ = {
			isa = PBXShellScriptBuildPhase;
			buildActionMask = 2147483647;
			files = (
			);
			inputPaths = (
			);
			name = "Embed Pods Frameworks";
			outputPaths = (
			);
			runOnlyForDeploymentPostprocessing = 0;
			shellPath = /bin/sh;
			shellScript = "\"${SRCROOT}/Pods/Target Support Files/Pods-ViewControllers/Pods-ViewControllers-frameworks.sh\"\n";
			showEnvVarsInLog = 0;
		};
/* End PBXShellScriptBuildPhase section */

/* Begin PBXSourcesBuildPhase section */
		170EDEF41CB55844007128D0 /* Sources */ = {
			isa = PBXSourcesBuildPhase;
			buildActionMask = 2147483647;
			files = (
				170EDF101CB56B8C007128D0 /* ModalViewController.swift in Sources */,
				170EDEFE1CB55844007128D0 /* ViewController.swift in Sources */,
				170EDEFC1CB55844007128D0 /* AppDelegate.swift in Sources */,
				170EDF0E1CB5604E007128D0 /* AnotherViewController.swift in Sources */,
			);
			runOnlyForDeploymentPostprocessing = 0;
		};
/* End PBXSourcesBuildPhase section */

/* Begin PBXVariantGroup section */
		170EDEFF1CB55844007128D0 /* Main.storyboard */ = {
			isa = PBXVariantGroup;
			children = (
				170EDF001CB55844007128D0 /* Base */,
			);
			name = Main.storyboard;
			sourceTree = "<group>";
		};
		170EDF041CB55844007128D0 /* LaunchScreen.storyboard */ = {
			isa = PBXVariantGroup;
			children = (
				170EDF051CB55844007128D0 /* Base */,
			);
			name = LaunchScreen.storyboard;
			sourceTree = "<group>";
		};
/* End PBXVariantGroup section */

/* Begin XCBuildConfiguration section */
		170EDF081CB55844007128D0 /* Debug */ = {
			isa = XCBuildConfiguration;
			buildSettings = {
				ALWAYS_SEARCH_USER_PATHS = NO;
				CLANG_ANALYZER_NONNULL = YES;
				CLANG_CXX_LANGUAGE_STANDARD = "gnu++0x";
				CLANG_CXX_LIBRARY = "libc++";
				CLANG_ENABLE_MODULES = YES;
				CLANG_ENABLE_OBJC_ARC = YES;
				CLANG_WARN_BOOL_CONVERSION = YES;
				CLANG_WARN_CONSTANT_CONVERSION = YES;
				CLANG_WARN_DIRECT_OBJC_ISA_USAGE = YES_ERROR;
				CLANG_WARN_EMPTY_BODY = YES;
				CLANG_WARN_ENUM_CONVERSION = YES;
				CLANG_WARN_INT_CONVERSION = YES;
				CLANG_WARN_OBJC_ROOT_CLASS = YES_ERROR;
				CLANG_WARN_UNREACHABLE_CODE = YES;
				CLANG_WARN__DUPLICATE_METHOD_MATCH = YES;
				"CODE_SIGN_IDENTITY[sdk=iphoneos*]" = "iPhone Developer";
				COPY_PHASE_STRIP = NO;
				DEBUG_INFORMATION_FORMAT = dwarf;
				ENABLE_STRICT_OBJC_MSGSEND = YES;
				ENABLE_TESTABILITY = YES;
				GCC_C_LANGUAGE_STANDARD = gnu99;
				GCC_DYNAMIC_NO_PIC = NO;
				GCC_NO_COMMON_BLOCKS = YES;
				GCC_OPTIMIZATION_LEVEL = 0;
				GCC_PREPROCESSOR_DEFINITIONS = (
					"DEBUG=1",
					"$(inherited)",
				);
				GCC_WARN_64_TO_32_BIT_CONVERSION = YES;
				GCC_WARN_ABOUT_RETURN_TYPE = YES_ERROR;
				GCC_WARN_UNDECLARED_SELECTOR = YES;
				GCC_WARN_UNINITIALIZED_AUTOS = YES_AGGRESSIVE;
				GCC_WARN_UNUSED_FUNCTION = YES;
				GCC_WARN_UNUSED_VARIABLE = YES;
				IPHONEOS_DEPLOYMENT_TARGET = 9.3;
				MTL_ENABLE_DEBUG_INFO = YES;
				ONLY_ACTIVE_ARCH = YES;
				SDKROOT = iphoneos;
				SWIFT_OPTIMIZATION_LEVEL = "-Onone";
				TARGETED_DEVICE_FAMILY = "1,2";
			};
			name = Debug;
		};
		170EDF091CB55844007128D0 /* Release */ = {
			isa = XCBuildConfiguration;
			buildSettings = {
				ALWAYS_SEARCH_USER_PATHS = NO;
				CLANG_ANALYZER_NONNULL = YES;
				CLANG_CXX_LANGUAGE_STANDARD = "gnu++0x";
				CLANG_CXX_LIBRARY = "libc++";
				CLANG_ENABLE_MODULES = YES;
				CLANG_ENABLE_OBJC_ARC = YES;
				CLANG_WARN_BOOL_CONVERSION = YES;
				CLANG_WARN_CONSTANT_CONVERSION = YES;
				CLANG_WARN_DIRECT_OBJC_ISA_USAGE = YES_ERROR;
				CLANG_WARN_EMPTY_BODY = YES;
				CLANG_WARN_ENUM_CONVERSION = YES;
				CLANG_WARN_INT_CONVERSION = YES;
				CLANG_WARN_OBJC_ROOT_CLASS = YES_ERROR;
				CLANG_WARN_UNREACHABLE_CODE = YES;
				CLANG_WARN__DUPLICATE_METHOD_MATCH = YES;
				"CODE_SIGN_IDENTITY[sdk=iphoneos*]" = "iPhone Developer";
				COPY_PHASE_STRIP = NO;
				DEBUG_INFORMATION_FORMAT = "dwarf-with-dsym";
				ENABLE_NS_ASSERTIONS = NO;
				ENABLE_STRICT_OBJC_MSGSEND = YES;
				GCC_C_LANGUAGE_STANDARD = gnu99;
				GCC_NO_COMMON_BLOCKS = YES;
				GCC_WARN_64_TO_32_BIT_CONVERSION = YES;
				GCC_WARN_ABOUT_RETURN_TYPE = YES_ERROR;
				GCC_WARN_UNDECLARED_SELECTOR = YES;
				GCC_WARN_UNINITIALIZED_AUTOS = YES_AGGRESSIVE;
				GCC_WARN_UNUSED_FUNCTION = YES;
				GCC_WARN_UNUSED_VARIABLE = YES;
				IPHONEOS_DEPLOYMENT_TARGET = 9.3;
				MTL_ENABLE_DEBUG_INFO = NO;
				SDKROOT = iphoneos;
				TARGETED_DEVICE_FAMILY = "1,2";
				VALIDATE_PRODUCT = YES;
			};
			name = Release;
		};
		170EDF0B1CB55844007128D0 /* Debug */ = {
			isa = XCBuildConfiguration;
			baseConfigurationReference = 5C195E99CDD6A20419C9DFB9 /* Pods-ViewControllers.debug.xcconfig */;
			buildSettings = {
				ASSETCATALOG_COMPILER_APPICON_NAME = AppIcon;
				INFOPLIST_FILE = ViewControllers/Info.plist;
				LD_RUNPATH_SEARCH_PATHS = "$(inherited) @executable_path/Frameworks";
				PRODUCT_BUNDLE_IDENTIFIER = cz.ackee.enterprise.ViewControllers;
				PRODUCT_NAME = "$(TARGET_NAME)";
			};
			name = Debug;
		};
		170EDF0C1CB55844007128D0 /* Release */ = {
			isa = XCBuildConfiguration;
			baseConfigurationReference = 36FADD4CCB13C248D149DDD5 /* Pods-ViewControllers.release.xcconfig */;
			buildSettings = {
				ASSETCATALOG_COMPILER_APPICON_NAME = AppIcon;
				INFOPLIST_FILE = ViewControllers/Info.plist;
				LD_RUNPATH_SEARCH_PATHS = "$(inherited) @executable_path/Frameworks";
				PRODUCT_BUNDLE_IDENTIFIER = cz.ackee.enterprise.ViewControllers;
				PRODUCT_NAME = "$(TARGET_NAME)";
			};
			name = Release;
		};
/* End XCBuildConfiguration section */

/* Begin XCConfigurationList section */
		170EDEF31CB55844007128D0 /* Build configuration list for PBXProject "ViewControllers" */ = {
			isa = XCConfigurationList;
			buildConfigurations = (
				170EDF081CB55844007128D0 /* Debug */,
				170EDF091CB55844007128D0 /* Release */,
			);
			defaultConfigurationIsVisible = 0;
			defaultConfigurationName = Release;
		};
		170EDF0A1CB55844007128D0 /* Build configuration list for PBXNativeTarget "ViewControllers" */ = {
			isa = XCConfigurationList;
			buildConfigurations = (
				170EDF0B1CB55844007128D0 /* Debug */,
				170EDF0C1CB55844007128D0 /* Release */,
			);
			defaultConfigurationIsVisible = 0;
			defaultConfigurationName = Release;
		};
/* End XCConfigurationList section */
	};
	rootObject = 170EDEF01CB55844007128D0 /* Project object */;
}
